
Microsoft Visual Studio Solution File, Format Version 12.00
# Visual Studio 2012
Project("{8BC9CEB8-8B4A-11D0-8D11-00A0C91BC942}") = "InfixToPostfix", "InfixToPostfix\InfixToPostfix.vcxproj", "{C62615E4-F560-4821-8BF6-675808ABB811}"
EndProject
Global
	GlobalSection(SolutionConfigurationPlatforms) = preSolution
		Debug|Win32 = Debug|Win32
		Release|Win32 = Release|Win32
	EndGlobalSection
	GlobalSection(ProjectConfigurationPlatforms) = postSolution
		{C62615E4-F560-4821-8BF6-675808ABB811}.Debug|Win32.ActiveCfg = Debug|Win32
		{C62615E4-F560-4821-8BF6-675808ABB811}.Debug|Win32.Build.0 = Debug|Win32
		{C62615E4-F560-4821-8BF6-675808ABB811}.Release|Win32.ActiveCfg = Release|Win32
		{C62615E4-F560-4821-8BF6-675808ABB811}.Release|Win32.Build.0 = Release|Win32
	EndGlobalSection
	GlobalSection(SolutionProperties) = preSolution
		HideSolutionNode = FALSE
	EndGlobalSection
EndGlobal
